
Microsoft Visual Studio Solution File, Format Version 12.00
# Visual Studio 2012
Project("{2150E333-8FDC-42A3-9474-1A3956D46DE8}") = "Solution Items", "Solution Items", "{79843288-1820-4990-BD5A-2B2F77C44C91}"
EndProject
Project("{FAE04EC0-301F-11D3-BF4B-00C04F79EFBC}") = "LGH.ListConfig", "LGH.ListConfig\LGH.ListConfig.csproj", "{5A7AC130-06B4-4739-BB9A-C9D51B45E130}"
EndProject
Project("{FAE04EC0-301F-11D3-BF4B-00C04F79EFBC}") = "LGH.Model", "LGH.Model\LGH.Model.csproj", "{2AE97215-A5F5-4570-A693-3CBB5B40469E}"
EndProject
Project("{FAE04EC0-301F-11D3-BF4B-00C04F79EFBC}") = "LGH.UI.HomePageTiles", "LGH.UI.HomePageTiles\LGH.UI.HomePageTiles.csproj", "{121A7F98-6456-44DA-A892-76C05C5769AC}"
EndProject
Project("{FAE04EC0-301F-11D3-BF4B-00C04F79EFBC}") = "LGH.Branding", "LGH.Branding\LGH.Branding.csproj", "{21CFFA1D-1275-45CD-9F94-5B30EF9B1EC3}"
EndProject
Project("{FAE04EC0-301F-11D3-BF4B-00C04F79EFBC}") = "LGH.Data", "LGH.Data\LGH.Data.csproj", "{53C0B90A-F7A1-491C-AF51-D8B21509B34F}"
EndProject
Project("{FAE04EC0-301F-11D3-BF4B-00C04F79EFBC}") = "LGH.Lists", "LGH.Lists\LGH.Lists.csproj", "{D71CA343-F699-4FAF-8DFA-AE8AC229D87D}"
EndProject
Project("{FAE04EC0-301F-11D3-BF4B-00C04F79EFBC}") = "LGH.UI.Forms", "LGH.UI.Forms\LGH.UI.Forms.csproj", "{033E6D02-703E-4FE0-B5F3-47A103EA414C}"
EndProject
Project("{FAE04EC0-301F-11D3-BF4B-00C04F79EFBC}") = "LGH.StaffDirectory", "LGH.StaffDirectory\LGH.StaffDirectory.csproj", "{1631DE21-9C92-48EE-BD29-B72FC1F7E7B1}"
EndProject
Project("{FAE04EC0-301F-11D3-BF4B-00C04F79EFBC}") = "LGH.GENERAL", "LGH.GENERAL\LGH.GENERAL.csproj", "{184B4E50-CE9B-4B7E-9F7D-7D85F238BC0D}"
EndProject
Project("{FAE04EC0-301F-11D3-BF4B-00C04F79EFBC}") = "LGH.UI.PageLayouts", "LGH.UI.PageLayouts\LGH.UI.PageLayouts.csproj", "{E491CCB6-F281-42B5-B581-BDE0A383C7C3}"
EndProject
Project("{FAE04EC0-301F-11D3-BF4B-00C04F79EFBC}") = "LGH.PagesProvisioning", "LGH.Console\LGH.PagesProvisioning.csproj", "{9D839355-F0B0-4CD6-8793-ACB9AF239C86}"
EndProject
Global
	GlobalSection(SolutionConfigurationPlatforms) = preSolution
		Debug|Any CPU = Debug|Any CPU
		Release|Any CPU = Release|Any CPU
	EndGlobalSection
	GlobalSection(ProjectConfigurationPlatforms) = postSolution
		{5A7AC130-06B4-4739-BB9A-C9D51B45E130}.Debug|Any CPU.ActiveCfg = Debug|Any CPU
		{5A7AC130-06B4-4739-BB9A-C9D51B45E130}.Debug|Any CPU.Build.0 = Debug|Any CPU
		{5A7AC130-06B4-4739-BB9A-C9D51B45E130}.Release|Any CPU.ActiveCfg = Release|Any CPU
		{5A7AC130-06B4-4739-BB9A-C9D51B45E130}.Release|Any CPU.Build.0 = Release|Any CPU
		{2AE97215-A5F5-4570-A693-3CBB5B40469E}.Debug|Any CPU.ActiveCfg = Debug|Any CPU
		{2AE97215-A5F5-4570-A693-3CBB5B40469E}.Debug|Any CPU.Build.0 = Debug|Any CPU
		{2AE97215-A5F5-4570-A693-3CBB5B40469E}.Debug|Any CPU.Deploy.0 = Debug|Any CPU
		{2AE97215-A5F5-4570-A693-3CBB5B40469E}.Release|Any CPU.ActiveCfg = Release|Any CPU
		{2AE97215-A5F5-4570-A693-3CBB5B40469E}.Release|Any CPU.Build.0 = Release|Any CPU
		{2AE97215-A5F5-4570-A693-3CBB5B40469E}.Release|Any CPU.Deploy.0 = Release|Any CPU
		{121A7F98-6456-44DA-A892-76C05C5769AC}.Debug|Any CPU.ActiveCfg = Debug|Any CPU
		{121A7F98-6456-44DA-A892-76C05C5769AC}.Debug|Any CPU.Build.0 = Debug|Any CPU
		{121A7F98-6456-44DA-A892-76C05C5769AC}.Debug|Any CPU.Deploy.0 = Debug|Any CPU
		{121A7F98-6456-44DA-A892-76C05C5769AC}.Release|Any CPU.ActiveCfg = Release|Any CPU
		{121A7F98-6456-44DA-A892-76C05C5769AC}.Release|Any CPU.Build.0 = Release|Any CPU
		{121A7F98-6456-44DA-A892-76C05C5769AC}.Release|Any CPU.Deploy.0 = Release|Any CPU
		{21CFFA1D-1275-45CD-9F94-5B30EF9B1EC3}.Debug|Any CPU.ActiveCfg = Debug|Any CPU
		{21CFFA1D-1275-45CD-9F94-5B30EF9B1EC3}.Debug|Any CPU.Build.0 = Debug|Any CPU
		{21CFFA1D-1275-45CD-9F94-5B30EF9B1EC3}.Debug|Any CPU.Deploy.0 = Debug|Any CPU
		{21CFFA1D-1275-45CD-9F94-5B30EF9B1EC3}.Release|Any CPU.ActiveCfg = Release|Any CPU
		{21CFFA1D-1275-45CD-9F94-5B30EF9B1EC3}.Release|Any CPU.Build.0 = Release|Any CPU
		{21CFFA1D-1275-45CD-9F94-5B30EF9B1EC3}.Release|Any CPU.Deploy.0 = Release|Any CPU
		{53C0B90A-F7A1-491C-AF51-D8B21509B34F}.Debug|Any CPU.ActiveCfg = Debug|Any CPU
		{53C0B90A-F7A1-491C-AF51-D8B21509B34F}.Debug|Any CPU.Build.0 = Debug|Any CPU
		{53C0B90A-F7A1-491C-AF51-D8B21509B34F}.Release|Any CPU.ActiveCfg = Release|Any CPU
		{53C0B90A-F7A1-491C-AF51-D8B21509B34F}.Release|Any CPU.Build.0 = Release|Any CPU
		{D71CA343-F699-4FAF-8DFA-AE8AC229D87D}.Debug|Any CPU.ActiveCfg = Debug|Any CPU
		{D71CA343-F699-4FAF-8DFA-AE8AC229D87D}.Debug|Any CPU.Build.0 = Debug|Any CPU
		{D71CA343-F699-4FAF-8DFA-AE8AC229D87D}.Debug|Any CPU.Deploy.0 = Debug|Any CPU
		{D71CA343-F699-4FAF-8DFA-AE8AC229D87D}.Release|Any CPU.ActiveCfg = Release|Any CPU
		{D71CA343-F699-4FAF-8DFA-AE8AC229D87D}.Release|Any CPU.Build.0 = Release|Any CPU
		{D71CA343-F699-4FAF-8DFA-AE8AC229D87D}.Release|Any CPU.Deploy.0 = Release|Any CPU
		{033E6D02-703E-4FE0-B5F3-47A103EA414C}.Debug|Any CPU.ActiveCfg = Debug|Any CPU
		{033E6D02-703E-4FE0-B5F3-47A103EA414C}.Debug|Any CPU.Build.0 = Debug|Any CPU
		{033E6D02-703E-4FE0-B5F3-47A103EA414C}.Debug|Any CPU.Deploy.0 = Debug|Any CPU
		{033E6D02-703E-4FE0-B5F3-47A103EA414C}.Release|Any CPU.ActiveCfg = Release|Any CPU
		{033E6D02-703E-4FE0-B5F3-47A103EA414C}.Release|Any CPU.Build.0 = Release|Any CPU
		{033E6D02-703E-4FE0-B5F3-47A103EA414C}.Release|Any CPU.Deploy.0 = Release|Any CPU
		{1631DE21-9C92-48EE-BD29-B72FC1F7E7B1}.Debug|Any CPU.ActiveCfg = Debug|Any CPU
		{1631DE21-9C92-48EE-BD29-B72FC1F7E7B1}.Debug|Any CPU.Build.0 = Debug|Any CPU
		{1631DE21-9C92-48EE-BD29-B72FC1F7E7B1}.Debug|Any CPU.Deploy.0 = Debug|Any CPU
		{1631DE21-9C92-48EE-BD29-B72FC1F7E7B1}.Release|Any CPU.ActiveCfg = Release|Any CPU
		{1631DE21-9C92-48EE-BD29-B72FC1F7E7B1}.Release|Any CPU.Build.0 = Release|Any CPU
		{1631DE21-9C92-48EE-BD29-B72FC1F7E7B1}.Release|Any CPU.Deploy.0 = Release|Any CPU
		{184B4E50-CE9B-4B7E-9F7D-7D85F238BC0D}.Debug|Any CPU.ActiveCfg = Debug|Any CPU
		{184B4E50-CE9B-4B7E-9F7D-7D85F238BC0D}.Debug|Any CPU.Build.0 = Debug|Any CPU
		{184B4E50-CE9B-4B7E-9F7D-7D85F238BC0D}.Debug|Any CPU.Deploy.0 = Debug|Any CPU
		{184B4E50-CE9B-4B7E-9F7D-7D85F238BC0D}.Release|Any CPU.ActiveCfg = Release|Any CPU
		{184B4E50-CE9B-4B7E-9F7D-7D85F238BC0D}.Release|Any CPU.Build.0 = Release|Any CPU
		{184B4E50-CE9B-4B7E-9F7D-7D85F238BC0D}.Release|Any CPU.Deploy.0 = Release|Any CPU
		{E491CCB6-F281-42B5-B581-BDE0A383C7C3}.Debug|Any CPU.ActiveCfg = Debug|Any CPU
		{E491CCB6-F281-42B5-B581-BDE0A383C7C3}.Debug|Any CPU.Build.0 = Debug|Any CPU
		{E491CCB6-F281-42B5-B581-BDE0A383C7C3}.Debug|Any CPU.Deploy.0 = Debug|Any CPU
		{E491CCB6-F281-42B5-B581-BDE0A383C7C3}.Release|Any CPU.ActiveCfg = Release|Any CPU
		{E491CCB6-F281-42B5-B581-BDE0A383C7C3}.Release|Any CPU.Build.0 = Release|Any CPU
		{E491CCB6-F281-42B5-B581-BDE0A383C7C3}.Release|Any CPU.Deploy.0 = Release|Any CPU
		{9D839355-F0B0-4CD6-8793-ACB9AF239C86}.Debug|Any CPU.ActiveCfg = Debug|Any CPU
		{9D839355-F0B0-4CD6-8793-ACB9AF239C86}.Debug|Any CPU.Build.0 = Debug|Any CPU
		{9D839355-F0B0-4CD6-8793-ACB9AF239C86}.Debug|Any CPU.Deploy.0 = Debug|Any CPU
		{9D839355-F0B0-4CD6-8793-ACB9AF239C86}.Release|Any CPU.ActiveCfg = Release|Any CPU
		{9D839355-F0B0-4CD6-8793-ACB9AF239C86}.Release|Any CPU.Build.0 = Release|Any CPU
		{9D839355-F0B0-4CD6-8793-ACB9AF239C86}.Release|Any CPU.Deploy.0 = Release|Any CPU
	EndGlobalSection
	GlobalSection(SolutionProperties) = preSolution
		HideSolutionNode = FALSE
	EndGlobalSection
EndGlobal
